schema: '2.0'
stages:
  threatfox_fetch:
    cmd: python src/data/threatfox_fetch.py
    deps:
    - path: src/data/threatfox_fetch.py
      hash: md5
      md5: 06b04423ca640e231ff77c5509508840
      size: 1009
    outs:
    - path: data/raw/threatfox.json
      hash: md5
      md5: f8e8fc13e0fd4daafe8e21ce2a662f60
      size: 333964
  preprocess:
    cmd: python src/data/preprocess_data.py
    deps:
    - path: data/raw/Merged63.csv
      hash: md5
      md5: 1842d29a09e3bcd12be02da6cc747bac
      size: 88473082
    - path: data/raw/threatfox.json
      hash: md5
      md5: f8e8fc13e0fd4daafe8e21ce2a662f60
      size: 333964
    - path: src/data/preprocess_data.py
      hash: md5
      md5: 4309340d98bd5ee9053a740e9d0f004c
      size: 2059
    outs:
    - path: data/preprocessed/attacks.csv
      hash: md5
      md5: 5e20288e5df11c02e724afaf1c0e4aeb
      size: 87088639
    - path: data/preprocessed/normal.csv
      hash: md5
      md5: 349a2e5ec56f3f33ef515965be314140
      size: 2191170
    - path: data/preprocessed/threats.csv
      hash: md5
      md5: b27a0e4f840a3aeb6babacf69f8a1c82
      size: 10007
  validate:
    cmd: cd gx && python run_checkpoints.py
    deps:
    - path: data/preprocessed/attacks.csv
      hash: md5
      md5: 5e20288e5df11c02e724afaf1c0e4aeb
      size: 87088639
    - path: data/preprocessed/normal.csv
      hash: md5
      md5: 349a2e5ec56f3f33ef515965be314140
      size: 2191170
    - path: data/preprocessed/threats.csv
      hash: md5
      md5: b27a0e4f840a3aeb6babacf69f8a1c82
      size: 10007
    outs:
    - path: gx
      hash: md5
      md5: 35517e4878bf25c7a06cfddee67279af.dir
      size: 11596070
      nfiles: 56
  test:
    cmd: python src/tests/tests.py
    deps:
    - path: data/preprocessed/threats.csv
      hash: md5
      md5: b27a0e4f840a3aeb6babacf69f8a1c82
      size: 10007
    - path: src/tests/tests.py
      hash: md5
      md5: 8647ad16c908940fc16858ecfccdade5
      size: 1500
    outs:
    - path: data/reference/threats.csv
      hash: md5
      md5: b27a0e4f840a3aeb6babacf69f8a1c82
      size: 10007
    - path: reports/data_testing_report.html
      hash: md5
      md5: 39baec094e20a6cec601f899762b4f79
      size: 3826872
  train_ip_classifier:
    cmd: "python src/models/model3.py\ngit commit -am \"Updated ip_classifier $(date)\"\
      \ || true\ngit push || true\ndvc push || true\n"
    deps:
    - path: data/preprocessed/threats.csv
      hash: md5
      md5: b27a0e4f840a3aeb6babacf69f8a1c82
      size: 10007
    - path: src/models/model3.py
      hash: md5
      md5: c42ee781db9ae19f3d2aefbea301b7fa
      size: 1973
    outs:
    - path: models/ip_classifier.pkl
      hash: md5
      md5: 354af40630a55f5c65f673724ebb0a0e
      size: 95548
    - path: models/ip_label_encoder.pkl
      hash: md5
      md5: 17ed0207abb4b9850c68679fba919e15
      size: 557
