schema: '2.0'
stages:
  threatfox_fetch:
    cmd: python src/data/threatfox_fetch.py
    deps:
    - path: src/data/threatfox_fetch.py
      hash: md5
      md5: 80ccef1be546edae50377455e7259665
      size: 964
    outs:
    - path: data/raw/threatfox.json
      hash: md5
      md5: e6a0ba8b31409c1a1900c36501e1e542
      size: 190868
  preprocess:
    cmd: python src/data/preprocess_data.py
    deps:
    - path: data/raw/Merged63.csv
      hash: md5
      md5: 1842d29a09e3bcd12be02da6cc747bac
      size: 88473082
    - path: data/raw/threatfox.json
      hash: md5
      md5: e6a0ba8b31409c1a1900c36501e1e542
      size: 190868
    - path: src/data/preprocess_data.py
      hash: md5
      md5: 31a5325a5ac864ebb31459893dffe671
      size: 1993
    outs:
    - path: data/preprocessed/attacks.csv
      hash: md5
      md5: b4883edd1e69e07727b78cca78ce4b21
      size: 86670667
    - path: data/preprocessed/normal.csv
      hash: md5
      md5: b2c652c3197c3eb428f73b08736f7df3
      size: 2180989
    - path: data/preprocessed/threats.csv
      hash: md5
      md5: 71d0b34267d8f2d8319597362d7ece91
      size: 8281
  validate:
    cmd: cd gx && python run_checkpoints.py
    deps:
    - path: data/preprocessed/attacks.csv
      hash: md5
      md5: b4883edd1e69e07727b78cca78ce4b21
      size: 86670667
    - path: data/preprocessed/normal.csv
      hash: md5
      md5: b2c652c3197c3eb428f73b08736f7df3
      size: 2180989
    - path: data/preprocessed/threats.csv
      hash: md5
      md5: 71d0b34267d8f2d8319597362d7ece91
      size: 8281
    outs:
    - path: gx
      hash: md5
      md5: 81c3aec877711319456c563f87211d23.dir
      size: 13543234
      nfiles: 62
  test:
    cmd: python src/tests/tests.py
    deps:
    - path: data/preprocessed/threats.csv
      hash: md5
      md5: 71d0b34267d8f2d8319597362d7ece91
      size: 8281
    - path: src/tests/tests.py
      hash: md5
      md5: 261797263daca69324f2fc6f301991cf
      size: 1448
    outs:
    - path: data/reference/threats.csv
      hash: md5
      md5: b27a0e4f840a3aeb6babacf69f8a1c82
      size: 10007
    - path: reports/data_testing_report.html
      hash: md5
      md5: a58fd523ed8b5223913d4e55c1aa681b
      size: 3828915
  train_ip_classifier:
    cmd: "python src/models/model3.py\ngit commit -am \"Updated ip_classifier $(date)\"\
      \ || true\ngit push || true\ndvc push || true\n"
    deps:
    - path: data/preprocessed/threats.csv
      hash: md5
      md5: 71d0b34267d8f2d8319597362d7ece91
      size: 8281
    - path: src/models/model3.py
      hash: md5
      md5: d79c295fe2b2063dde3607f965cccca4
      size: 1936
    outs:
    - path: models/ip_classifier.pkl
      hash: md5
      md5: 3aa4b98d3948d8c83f8128d450622044
      size: 86555
    - path: models/ip_label_encoder.pkl
      hash: md5
      md5: fee660fb125ae9275af72f0ffeba3653
      size: 503
